
Microsoft Visual Studio Solution File, Format Version 12.00
# Visual Studio 15
VisualStudioVersion = 15.0.28307.1062
MinimumVisualStudioVersion = 10.0.40219.1
Project("{8BC9CEB8-8B4A-11D0-8D11-00A0C91BC942}") = "linear list", "linear list\linear list.vcxproj", "{DC013FAF-07D4-47BF-BBFC-21D6CFBB8FA9}"
EndProject
Project("{8BC9CEB8-8B4A-11D0-8D11-00A0C91BC942}") = "link list", "link list\link list.vcxproj", "{3FABD133-32F2-46AC-9577-F405BD8C359C}"
EndProject
Project("{8BC9CEB8-8B4A-11D0-8D11-00A0C91BC942}") = "static_list", "static_list\static_list.vcxproj", "{0FA0BD2A-EE1A-4572-87AC-A7331D5EFCD9}"
EndProject
Project("{8BC9CEB8-8B4A-11D0-8D11-00A0C91BC942}") = "list_exercise", "list_exercise\list_exercise.vcxproj", "{E8CB7267-5A6C-47FC-B75D-F01B8419DC56}"
EndProject
Project("{8BC9CEB8-8B4A-11D0-8D11-00A0C91BC942}") = "leetcode.remove_duplicated_link_elements", "leetcode.remove_duplicated_link_elements\leetcode.remove_duplicated_link_elements.vcxproj", "{D1F1566B-146A-404A-8483-39F8B7DB21C8}"
EndProject
Project("{8BC9CEB8-8B4A-11D0-8D11-00A0C91BC942}") = "remov_duplicate_2", "remov_duplicate_2\remov_duplicate_2.vcxproj", "{AC893E18-010C-4036-BD17-AEB1D7439596}"
EndProject
Project("{8BC9CEB8-8B4A-11D0-8D11-00A0C91BC942}") = "Reverse_Link", "Reverse_Link\Reverse_Link.vcxproj", "{BCC1E5B4-A5A0-42AA-AD3E-1650765CC850}"
EndProject
Project("{8BC9CEB8-8B4A-11D0-8D11-00A0C91BC942}") = "Reverse_Extension_partOf", "Reverse_Extension_partOf\Reverse_Extension_partOf.vcxproj", "{5CE75737-A9AC-4180-8064-280A90D698D6}"
EndProject
Project("{8BC9CEB8-8B4A-11D0-8D11-00A0C91BC942}") = "FindMax", "FindMax\FindMax.vcxproj", "{B58A5700-1511-4C0E-98A0-922BB5582187}"
EndProject
Project("{8BC9CEB8-8B4A-11D0-8D11-00A0C91BC942}") = "ExchangeDoubleLink", "ExchangeDoubleLink\ExchangeDoubleLink.vcxproj", "{F398E730-5302-479A-ADBD-288FA7DB3682}"
EndProject
Project("{8BC9CEB8-8B4A-11D0-8D11-00A0C91BC942}") = "Merge", "Merge\Merge.vcxproj", "{BBC3BD48-5ECD-444D-BBE5-3F298FE1D29E}"
EndProject
Project("{8BC9CEB8-8B4A-11D0-8D11-00A0C91BC942}") = "Search Reverse sort K node", "Search Reverse sort K node\Search Reverse sort K node.vcxproj", "{D9B04E7F-3578-4FB7-AFEF-2C74F3FF269B}"
EndProject
Project("{8BC9CEB8-8B4A-11D0-8D11-00A0C91BC942}") = "Josephus Ring", "Josephus Ring\Josephus Ring.vcxproj", "{FDADBE8C-F0A5-4946-A9CF-4CB0DB22A29D}"
EndProject
Project("{8BC9CEB8-8B4A-11D0-8D11-00A0C91BC942}") = "JosePhus Ring From ZhiHU", "JosePhus Ring From ZhiHU\JosePhus Ring From ZhiHU.vcxproj", "{177D0B8F-408A-4BC5-AA03-F35293D6D957}"
EndProject
Project("{8BC9CEB8-8B4A-11D0-8D11-00A0C91BC942}") = "Josephus Ring From Coding Exercise", "Josephus Ring From Coding Exercise\Josephus Ring From Coding Exercise.vcxproj", "{8D1E0104-3919-4F7D-B3DF-7AA049C6FB67}"
EndProject
Project("{8BC9CEB8-8B4A-11D0-8D11-00A0C91BC942}") = "Library Creation by linear list", "Library Creation by linear list\Library Creation by linear list.vcxproj", "{59EFEBC9-5488-4DF1-98E9-E57FA6DF0CA5}"
EndProject
Project("{8BC9CEB8-8B4A-11D0-8D11-00A0C91BC942}") = "Library_Web", "Library_Web\Library_Web.vcxproj", "{991D0196-99C6-47BC-98CF-2BAC2CC3C18D}"
EndProject
Project("{8BC9CEB8-8B4A-11D0-8D11-00A0C91BC942}") = "List_Library", "List_Library\List_Library.vcxproj", "{0FF21F60-2721-4D8C-8487-ADC11667F09E}"
EndProject
Project("{8BC9CEB8-8B4A-11D0-8D11-00A0C91BC942}") = "Sort_Merge", "Sort_Merge\Sort_Merge.vcxproj", "{68E57239-8C11-477A-A709-3826D4CE1CF1}"
EndProject
Project("{8BC9CEB8-8B4A-11D0-8D11-00A0C91BC942}") = "Delete_Pointed_Node", "Delete_Pointed_Node\Delete_Pointed_Node.vcxproj", "{F9E1930D-A246-4DEA-B73A-A756F16A9E77}"
EndProject
Project("{8BC9CEB8-8B4A-11D0-8D11-00A0C91BC942}") = "Delete Linear", "Delete Linear\Delete Linear.vcxproj", "{4FFD5054-4570-44ED-991C-58541B87E1E0}"
EndProject
Project("{8BC9CEB8-8B4A-11D0-8D11-00A0C91BC942}") = "Link Intersection", "Link Intersection\Link Intersection.vcxproj", "{096B1578-CC69-406E-9971-B6EB888C6CAF}"
EndProject
Project("{8BC9CEB8-8B4A-11D0-8D11-00A0C91BC942}") = "Difference", "Difference\Difference.vcxproj", "{89AA770C-5867-413E-98D8-FA8D3FB5824B}"
EndProject
Project("{8BC9CEB8-8B4A-11D0-8D11-00A0C91BC942}") = "DivideLink", "DivideLink\DivideLink.vcxproj", "{A8092E55-CBC2-4CEA-B7F7-68B489DD40CC}"
EndProject
Project("{8BC9CEB8-8B4A-11D0-8D11-00A0C91BC942}") = "DeleteRange", "DeleteRange\DeleteRange.vcxproj", "{3A5C6C38-5554-4CCB-8648-6D23446902B6}"
EndProject
Project("{8BC9CEB8-8B4A-11D0-8D11-00A0C91BC942}") = "DeleteRange_Web", "DeleteRange_Web\DeleteRange_Web.vcxproj", "{E265AE63-9F9C-4F85-BAA6-EE18415B941B}"
EndProject
Project("{8BC9CEB8-8B4A-11D0-8D11-00A0C91BC942}") = "Delete ABS", "Delete ABS\Delete ABS.vcxproj", "{9308F43C-03AB-4881-93A8-58E44B2EBF3C}"
EndProject
Project("{8BC9CEB8-8B4A-11D0-8D11-00A0C91BC942}") = "FindMid", "FindMid\FindMid.vcxproj", "{B0016E34-41BD-4FFE-9AD6-787BC44EC390}"
EndProject
Global
	GlobalSection(SolutionConfigurationPlatforms) = preSolution
		Debug|x64 = Debug|x64
		Debug|x86 = Debug|x86
		Release|x64 = Release|x64
		Release|x86 = Release|x86
	EndGlobalSection
	GlobalSection(ProjectConfigurationPlatforms) = postSolution
		{DC013FAF-07D4-47BF-BBFC-21D6CFBB8FA9}.Debug|x64.ActiveCfg = Debug|x64
		{DC013FAF-07D4-47BF-BBFC-21D6CFBB8FA9}.Debug|x64.Build.0 = Debug|x64
		{DC013FAF-07D4-47BF-BBFC-21D6CFBB8FA9}.Debug|x86.ActiveCfg = Debug|Win32
		{DC013FAF-07D4-47BF-BBFC-21D6CFBB8FA9}.Debug|x86.Build.0 = Debug|Win32
		{DC013FAF-07D4-47BF-BBFC-21D6CFBB8FA9}.Release|x64.ActiveCfg = Release|x64
		{DC013FAF-07D4-47BF-BBFC-21D6CFBB8FA9}.Release|x64.Build.0 = Release|x64
		{DC013FAF-07D4-47BF-BBFC-21D6CFBB8FA9}.Release|x86.ActiveCfg = Release|Win32
		{DC013FAF-07D4-47BF-BBFC-21D6CFBB8FA9}.Release|x86.Build.0 = Release|Win32
		{3FABD133-32F2-46AC-9577-F405BD8C359C}.Debug|x64.ActiveCfg = Debug|x64
		{3FABD133-32F2-46AC-9577-F405BD8C359C}.Debug|x64.Build.0 = Debug|x64
		{3FABD133-32F2-46AC-9577-F405BD8C359C}.Debug|x86.ActiveCfg = Debug|Win32
		{3FABD133-32F2-46AC-9577-F405BD8C359C}.Debug|x86.Build.0 = Debug|Win32
		{3FABD133-32F2-46AC-9577-F405BD8C359C}.Release|x64.ActiveCfg = Release|x64
		{3FABD133-32F2-46AC-9577-F405BD8C359C}.Release|x64.Build.0 = Release|x64
		{3FABD133-32F2-46AC-9577-F405BD8C359C}.Release|x86.ActiveCfg = Release|Win32
		{3FABD133-32F2-46AC-9577-F405BD8C359C}.Release|x86.Build.0 = Release|Win32
		{0FA0BD2A-EE1A-4572-87AC-A7331D5EFCD9}.Debug|x64.ActiveCfg = Debug|x64
		{0FA0BD2A-EE1A-4572-87AC-A7331D5EFCD9}.Debug|x64.Build.0 = Debug|x64
		{0FA0BD2A-EE1A-4572-87AC-A7331D5EFCD9}.Debug|x86.ActiveCfg = Debug|Win32
		{0FA0BD2A-EE1A-4572-87AC-A7331D5EFCD9}.Debug|x86.Build.0 = Debug|Win32
		{0FA0BD2A-EE1A-4572-87AC-A7331D5EFCD9}.Release|x64.ActiveCfg = Release|x64
		{0FA0BD2A-EE1A-4572-87AC-A7331D5EFCD9}.Release|x64.Build.0 = Release|x64
		{0FA0BD2A-EE1A-4572-87AC-A7331D5EFCD9}.Release|x86.ActiveCfg = Release|Win32
		{0FA0BD2A-EE1A-4572-87AC-A7331D5EFCD9}.Release|x86.Build.0 = Release|Win32
		{E8CB7267-5A6C-47FC-B75D-F01B8419DC56}.Debug|x64.ActiveCfg = Debug|x64
		{E8CB7267-5A6C-47FC-B75D-F01B8419DC56}.Debug|x64.Build.0 = Debug|x64
		{E8CB7267-5A6C-47FC-B75D-F01B8419DC56}.Debug|x86.ActiveCfg = Debug|Win32
		{E8CB7267-5A6C-47FC-B75D-F01B8419DC56}.Debug|x86.Build.0 = Debug|Win32
		{E8CB7267-5A6C-47FC-B75D-F01B8419DC56}.Release|x64.ActiveCfg = Release|x64
		{E8CB7267-5A6C-47FC-B75D-F01B8419DC56}.Release|x64.Build.0 = Release|x64
		{E8CB7267-5A6C-47FC-B75D-F01B8419DC56}.Release|x86.ActiveCfg = Release|Win32
		{E8CB7267-5A6C-47FC-B75D-F01B8419DC56}.Release|x86.Build.0 = Release|Win32
		{D1F1566B-146A-404A-8483-39F8B7DB21C8}.Debug|x64.ActiveCfg = Debug|x64
		{D1F1566B-146A-404A-8483-39F8B7DB21C8}.Debug|x64.Build.0 = Debug|x64
		{D1F1566B-146A-404A-8483-39F8B7DB21C8}.Debug|x86.ActiveCfg = Debug|Win32
		{D1F1566B-146A-404A-8483-39F8B7DB21C8}.Debug|x86.Build.0 = Debug|Win32
		{D1F1566B-146A-404A-8483-39F8B7DB21C8}.Release|x64.ActiveCfg = Release|x64
		{D1F1566B-146A-404A-8483-39F8B7DB21C8}.Release|x64.Build.0 = Release|x64
		{D1F1566B-146A-404A-8483-39F8B7DB21C8}.Release|x86.ActiveCfg = Release|Win32
		{D1F1566B-146A-404A-8483-39F8B7DB21C8}.Release|x86.Build.0 = Release|Win32
		{AC893E18-010C-4036-BD17-AEB1D7439596}.Debug|x64.ActiveCfg = Debug|x64
		{AC893E18-010C-4036-BD17-AEB1D7439596}.Debug|x64.Build.0 = Debug|x64
		{AC893E18-010C-4036-BD17-AEB1D7439596}.Debug|x86.ActiveCfg = Debug|Win32
		{AC893E18-010C-4036-BD17-AEB1D7439596}.Debug|x86.Build.0 = Debug|Win32
		{AC893E18-010C-4036-BD17-AEB1D7439596}.Release|x64.ActiveCfg = Release|x64
		{AC893E18-010C-4036-BD17-AEB1D7439596}.Release|x64.Build.0 = Release|x64
		{AC893E18-010C-4036-BD17-AEB1D7439596}.Release|x86.ActiveCfg = Release|Win32
		{AC893E18-010C-4036-BD17-AEB1D7439596}.Release|x86.Build.0 = Release|Win32
		{BCC1E5B4-A5A0-42AA-AD3E-1650765CC850}.Debug|x64.ActiveCfg = Debug|x64
		{BCC1E5B4-A5A0-42AA-AD3E-1650765CC850}.Debug|x64.Build.0 = Debug|x64
		{BCC1E5B4-A5A0-42AA-AD3E-1650765CC850}.Debug|x86.ActiveCfg = Debug|Win32
		{BCC1E5B4-A5A0-42AA-AD3E-1650765CC850}.Debug|x86.Build.0 = Debug|Win32
		{BCC1E5B4-A5A0-42AA-AD3E-1650765CC850}.Release|x64.ActiveCfg = Release|x64
		{BCC1E5B4-A5A0-42AA-AD3E-1650765CC850}.Release|x64.Build.0 = Release|x64
		{BCC1E5B4-A5A0-42AA-AD3E-1650765CC850}.Release|x86.ActiveCfg = Release|Win32
		{BCC1E5B4-A5A0-42AA-AD3E-1650765CC850}.Release|x86.Build.0 = Release|Win32
		{5CE75737-A9AC-4180-8064-280A90D698D6}.Debug|x64.ActiveCfg = Debug|x64
		{5CE75737-A9AC-4180-8064-280A90D698D6}.Debug|x64.Build.0 = Debug|x64
		{5CE75737-A9AC-4180-8064-280A90D698D6}.Debug|x86.ActiveCfg = Debug|Win32
		{5CE75737-A9AC-4180-8064-280A90D698D6}.Debug|x86.Build.0 = Debug|Win32
		{5CE75737-A9AC-4180-8064-280A90D698D6}.Release|x64.ActiveCfg = Release|x64
		{5CE75737-A9AC-4180-8064-280A90D698D6}.Release|x64.Build.0 = Release|x64
		{5CE75737-A9AC-4180-8064-280A90D698D6}.Release|x86.ActiveCfg = Release|Win32
		{5CE75737-A9AC-4180-8064-280A90D698D6}.Release|x86.Build.0 = Release|Win32
		{B58A5700-1511-4C0E-98A0-922BB5582187}.Debug|x64.ActiveCfg = Debug|x64
		{B58A5700-1511-4C0E-98A0-922BB5582187}.Debug|x64.Build.0 = Debug|x64
		{B58A5700-1511-4C0E-98A0-922BB5582187}.Debug|x86.ActiveCfg = Debug|Win32
		{B58A5700-1511-4C0E-98A0-922BB5582187}.Debug|x86.Build.0 = Debug|Win32
		{B58A5700-1511-4C0E-98A0-922BB5582187}.Release|x64.ActiveCfg = Release|x64
		{B58A5700-1511-4C0E-98A0-922BB5582187}.Release|x64.Build.0 = Release|x64
		{B58A5700-1511-4C0E-98A0-922BB5582187}.Release|x86.ActiveCfg = Release|Win32
		{B58A5700-1511-4C0E-98A0-922BB5582187}.Release|x86.Build.0 = Release|Win32
		{F398E730-5302-479A-ADBD-288FA7DB3682}.Debug|x64.ActiveCfg = Debug|x64
		{F398E730-5302-479A-ADBD-288FA7DB3682}.Debug|x64.Build.0 = Debug|x64
		{F398E730-5302-479A-ADBD-288FA7DB3682}.Debug|x86.ActiveCfg = Debug|Win32
		{F398E730-5302-479A-ADBD-288FA7DB3682}.Debug|x86.Build.0 = Debug|Win32
		{F398E730-5302-479A-ADBD-288FA7DB3682}.Release|x64.ActiveCfg = Release|x64
		{F398E730-5302-479A-ADBD-288FA7DB3682}.Release|x64.Build.0 = Release|x64
		{F398E730-5302-479A-ADBD-288FA7DB3682}.Release|x86.ActiveCfg = Release|Win32
		{F398E730-5302-479A-ADBD-288FA7DB3682}.Release|x86.Build.0 = Release|Win32
		{BBC3BD48-5ECD-444D-BBE5-3F298FE1D29E}.Debug|x64.ActiveCfg = Debug|x64
		{BBC3BD48-5ECD-444D-BBE5-3F298FE1D29E}.Debug|x64.Build.0 = Debug|x64
		{BBC3BD48-5ECD-444D-BBE5-3F298FE1D29E}.Debug|x86.ActiveCfg = Debug|Win32
		{BBC3BD48-5ECD-444D-BBE5-3F298FE1D29E}.Debug|x86.Build.0 = Debug|Win32
		{BBC3BD48-5ECD-444D-BBE5-3F298FE1D29E}.Release|x64.ActiveCfg = Release|x64
		{BBC3BD48-5ECD-444D-BBE5-3F298FE1D29E}.Release|x64.Build.0 = Release|x64
		{BBC3BD48-5ECD-444D-BBE5-3F298FE1D29E}.Release|x86.ActiveCfg = Release|Win32
		{BBC3BD48-5ECD-444D-BBE5-3F298FE1D29E}.Release|x86.Build.0 = Release|Win32
		{D9B04E7F-3578-4FB7-AFEF-2C74F3FF269B}.Debug|x64.ActiveCfg = Debug|x64
		{D9B04E7F-3578-4FB7-AFEF-2C74F3FF269B}.Debug|x64.Build.0 = Debug|x64
		{D9B04E7F-3578-4FB7-AFEF-2C74F3FF269B}.Debug|x86.ActiveCfg = Debug|Win32
		{D9B04E7F-3578-4FB7-AFEF-2C74F3FF269B}.Debug|x86.Build.0 = Debug|Win32
		{D9B04E7F-3578-4FB7-AFEF-2C74F3FF269B}.Release|x64.ActiveCfg = Release|x64
		{D9B04E7F-3578-4FB7-AFEF-2C74F3FF269B}.Release|x64.Build.0 = Release|x64
		{D9B04E7F-3578-4FB7-AFEF-2C74F3FF269B}.Release|x86.ActiveCfg = Release|Win32
		{D9B04E7F-3578-4FB7-AFEF-2C74F3FF269B}.Release|x86.Build.0 = Release|Win32
		{FDADBE8C-F0A5-4946-A9CF-4CB0DB22A29D}.Debug|x64.ActiveCfg = Debug|x64
		{FDADBE8C-F0A5-4946-A9CF-4CB0DB22A29D}.Debug|x64.Build.0 = Debug|x64
		{FDADBE8C-F0A5-4946-A9CF-4CB0DB22A29D}.Debug|x86.ActiveCfg = Debug|Win32
		{FDADBE8C-F0A5-4946-A9CF-4CB0DB22A29D}.Debug|x86.Build.0 = Debug|Win32
		{FDADBE8C-F0A5-4946-A9CF-4CB0DB22A29D}.Release|x64.ActiveCfg = Release|x64
		{FDADBE8C-F0A5-4946-A9CF-4CB0DB22A29D}.Release|x64.Build.0 = Release|x64
		{FDADBE8C-F0A5-4946-A9CF-4CB0DB22A29D}.Release|x86.ActiveCfg = Release|Win32
		{FDADBE8C-F0A5-4946-A9CF-4CB0DB22A29D}.Release|x86.Build.0 = Release|Win32
		{177D0B8F-408A-4BC5-AA03-F35293D6D957}.Debug|x64.ActiveCfg = Debug|x64
		{177D0B8F-408A-4BC5-AA03-F35293D6D957}.Debug|x64.Build.0 = Debug|x64
		{177D0B8F-408A-4BC5-AA03-F35293D6D957}.Debug|x86.ActiveCfg = Debug|Win32
		{177D0B8F-408A-4BC5-AA03-F35293D6D957}.Debug|x86.Build.0 = Debug|Win32
		{177D0B8F-408A-4BC5-AA03-F35293D6D957}.Release|x64.ActiveCfg = Release|x64
		{177D0B8F-408A-4BC5-AA03-F35293D6D957}.Release|x64.Build.0 = Release|x64
		{177D0B8F-408A-4BC5-AA03-F35293D6D957}.Release|x86.ActiveCfg = Release|Win32
		{177D0B8F-408A-4BC5-AA03-F35293D6D957}.Release|x86.Build.0 = Release|Win32
		{8D1E0104-3919-4F7D-B3DF-7AA049C6FB67}.Debug|x64.ActiveCfg = Debug|x64
		{8D1E0104-3919-4F7D-B3DF-7AA049C6FB67}.Debug|x64.Build.0 = Debug|x64
		{8D1E0104-3919-4F7D-B3DF-7AA049C6FB67}.Debug|x86.ActiveCfg = Debug|Win32
		{8D1E0104-3919-4F7D-B3DF-7AA049C6FB67}.Debug|x86.Build.0 = Debug|Win32
		{8D1E0104-3919-4F7D-B3DF-7AA049C6FB67}.Release|x64.ActiveCfg = Release|x64
		{8D1E0104-3919-4F7D-B3DF-7AA049C6FB67}.Release|x64.Build.0 = Release|x64
		{8D1E0104-3919-4F7D-B3DF-7AA049C6FB67}.Release|x86.ActiveCfg = Release|Win32
		{8D1E0104-3919-4F7D-B3DF-7AA049C6FB67}.Release|x86.Build.0 = Release|Win32
		{59EFEBC9-5488-4DF1-98E9-E57FA6DF0CA5}.Debug|x64.ActiveCfg = Debug|x64
		{59EFEBC9-5488-4DF1-98E9-E57FA6DF0CA5}.Debug|x64.Build.0 = Debug|x64
		{59EFEBC9-5488-4DF1-98E9-E57FA6DF0CA5}.Debug|x86.ActiveCfg = Debug|Win32
		{59EFEBC9-5488-4DF1-98E9-E57FA6DF0CA5}.Debug|x86.Build.0 = Debug|Win32
		{59EFEBC9-5488-4DF1-98E9-E57FA6DF0CA5}.Release|x64.ActiveCfg = Release|x64
		{59EFEBC9-5488-4DF1-98E9-E57FA6DF0CA5}.Release|x64.Build.0 = Release|x64
		{59EFEBC9-5488-4DF1-98E9-E57FA6DF0CA5}.Release|x86.ActiveCfg = Release|Win32
		{59EFEBC9-5488-4DF1-98E9-E57FA6DF0CA5}.Release|x86.Build.0 = Release|Win32
		{991D0196-99C6-47BC-98CF-2BAC2CC3C18D}.Debug|x64.ActiveCfg = Debug|x64
		{991D0196-99C6-47BC-98CF-2BAC2CC3C18D}.Debug|x64.Build.0 = Debug|x64
		{991D0196-99C6-47BC-98CF-2BAC2CC3C18D}.Debug|x86.ActiveCfg = Debug|Win32
		{991D0196-99C6-47BC-98CF-2BAC2CC3C18D}.Debug|x86.Build.0 = Debug|Win32
		{991D0196-99C6-47BC-98CF-2BAC2CC3C18D}.Release|x64.ActiveCfg = Release|x64
		{991D0196-99C6-47BC-98CF-2BAC2CC3C18D}.Release|x64.Build.0 = Release|x64
		{991D0196-99C6-47BC-98CF-2BAC2CC3C18D}.Release|x86.ActiveCfg = Release|Win32
		{991D0196-99C6-47BC-98CF-2BAC2CC3C18D}.Release|x86.Build.0 = Release|Win32
		{0FF21F60-2721-4D8C-8487-ADC11667F09E}.Debug|x64.ActiveCfg = Debug|x64
		{0FF21F60-2721-4D8C-8487-ADC11667F09E}.Debug|x64.Build.0 = Debug|x64
		{0FF21F60-2721-4D8C-8487-ADC11667F09E}.Debug|x86.ActiveCfg = Debug|Win32
		{0FF21F60-2721-4D8C-8487-ADC11667F09E}.Debug|x86.Build.0 = Debug|Win32
		{0FF21F60-2721-4D8C-8487-ADC11667F09E}.Release|x64.ActiveCfg = Release|x64
		{0FF21F60-2721-4D8C-8487-ADC11667F09E}.Release|x64.Build.0 = Release|x64
		{0FF21F60-2721-4D8C-8487-ADC11667F09E}.Release|x86.ActiveCfg = Release|Win32
		{0FF21F60-2721-4D8C-8487-ADC11667F09E}.Release|x86.Build.0 = Release|Win32
		{68E57239-8C11-477A-A709-3826D4CE1CF1}.Debug|x64.ActiveCfg = Debug|x64
		{68E57239-8C11-477A-A709-3826D4CE1CF1}.Debug|x64.Build.0 = Debug|x64
		{68E57239-8C11-477A-A709-3826D4CE1CF1}.Debug|x86.ActiveCfg = Debug|Win32
		{68E57239-8C11-477A-A709-3826D4CE1CF1}.Debug|x86.Build.0 = Debug|Win32
		{68E57239-8C11-477A-A709-3826D4CE1CF1}.Release|x64.ActiveCfg = Release|x64
		{68E57239-8C11-477A-A709-3826D4CE1CF1}.Release|x64.Build.0 = Release|x64
		{68E57239-8C11-477A-A709-3826D4CE1CF1}.Release|x86.ActiveCfg = Release|Win32
		{68E57239-8C11-477A-A709-3826D4CE1CF1}.Release|x86.Build.0 = Release|Win32
		{F9E1930D-A246-4DEA-B73A-A756F16A9E77}.Debug|x64.ActiveCfg = Debug|x64
		{F9E1930D-A246-4DEA-B73A-A756F16A9E77}.Debug|x64.Build.0 = Debug|x64
		{F9E1930D-A246-4DEA-B73A-A756F16A9E77}.Debug|x86.ActiveCfg = Debug|Win32
		{F9E1930D-A246-4DEA-B73A-A756F16A9E77}.Debug|x86.Build.0 = Debug|Win32
		{F9E1930D-A246-4DEA-B73A-A756F16A9E77}.Release|x64.ActiveCfg = Release|x64
		{F9E1930D-A246-4DEA-B73A-A756F16A9E77}.Release|x64.Build.0 = Release|x64
		{F9E1930D-A246-4DEA-B73A-A756F16A9E77}.Release|x86.ActiveCfg = Release|Win32
		{F9E1930D-A246-4DEA-B73A-A756F16A9E77}.Release|x86.Build.0 = Release|Win32
		{4FFD5054-4570-44ED-991C-58541B87E1E0}.Debug|x64.ActiveCfg = Debug|x64
		{4FFD5054-4570-44ED-991C-58541B87E1E0}.Debug|x64.Build.0 = Debug|x64
		{4FFD5054-4570-44ED-991C-58541B87E1E0}.Debug|x86.ActiveCfg = Debug|Win32
		{4FFD5054-4570-44ED-991C-58541B87E1E0}.Debug|x86.Build.0 = Debug|Win32
		{4FFD5054-4570-44ED-991C-58541B87E1E0}.Release|x64.ActiveCfg = Release|x64
		{4FFD5054-4570-44ED-991C-58541B87E1E0}.Release|x64.Build.0 = Release|x64
		{4FFD5054-4570-44ED-991C-58541B87E1E0}.Release|x86.ActiveCfg = Release|Win32
		{4FFD5054-4570-44ED-991C-58541B87E1E0}.Release|x86.Build.0 = Release|Win32
		{096B1578-CC69-406E-9971-B6EB888C6CAF}.Debug|x64.ActiveCfg = Debug|x64
		{096B1578-CC69-406E-9971-B6EB888C6CAF}.Debug|x64.Build.0 = Debug|x64
		{096B1578-CC69-406E-9971-B6EB888C6CAF}.Debug|x86.ActiveCfg = Debug|Win32
		{096B1578-CC69-406E-9971-B6EB888C6CAF}.Debug|x86.Build.0 = Debug|Win32
		{096B1578-CC69-406E-9971-B6EB888C6CAF}.Release|x64.ActiveCfg = Release|x64
		{096B1578-CC69-406E-9971-B6EB888C6CAF}.Release|x64.Build.0 = Release|x64
		{096B1578-CC69-406E-9971-B6EB888C6CAF}.Release|x86.ActiveCfg = Release|Win32
		{096B1578-CC69-406E-9971-B6EB888C6CAF}.Release|x86.Build.0 = Release|Win32
		{89AA770C-5867-413E-98D8-FA8D3FB5824B}.Debug|x64.ActiveCfg = Debug|x64
		{89AA770C-5867-413E-98D8-FA8D3FB5824B}.Debug|x64.Build.0 = Debug|x64
		{89AA770C-5867-413E-98D8-FA8D3FB5824B}.Debug|x86.ActiveCfg = Debug|Win32
		{89AA770C-5867-413E-98D8-FA8D3FB5824B}.Debug|x86.Build.0 = Debug|Win32
		{89AA770C-5867-413E-98D8-FA8D3FB5824B}.Release|x64.ActiveCfg = Release|x64
		{89AA770C-5867-413E-98D8-FA8D3FB5824B}.Release|x64.Build.0 = Release|x64
		{89AA770C-5867-413E-98D8-FA8D3FB5824B}.Release|x86.ActiveCfg = Release|Win32
		{89AA770C-5867-413E-98D8-FA8D3FB5824B}.Release|x86.Build.0 = Release|Win32
		{A8092E55-CBC2-4CEA-B7F7-68B489DD40CC}.Debug|x64.ActiveCfg = Debug|x64
		{A8092E55-CBC2-4CEA-B7F7-68B489DD40CC}.Debug|x64.Build.0 = Debug|x64
		{A8092E55-CBC2-4CEA-B7F7-68B489DD40CC}.Debug|x86.ActiveCfg = Debug|Win32
		{A8092E55-CBC2-4CEA-B7F7-68B489DD40CC}.Debug|x86.Build.0 = Debug|Win32
		{A8092E55-CBC2-4CEA-B7F7-68B489DD40CC}.Release|x64.ActiveCfg = Release|x64
		{A8092E55-CBC2-4CEA-B7F7-68B489DD40CC}.Release|x64.Build.0 = Release|x64
		{A8092E55-CBC2-4CEA-B7F7-68B489DD40CC}.Release|x86.ActiveCfg = Release|Win32
		{A8092E55-CBC2-4CEA-B7F7-68B489DD40CC}.Release|x86.Build.0 = Release|Win32
		{3A5C6C38-5554-4CCB-8648-6D23446902B6}.Debug|x64.ActiveCfg = Debug|x64
		{3A5C6C38-5554-4CCB-8648-6D23446902B6}.Debug|x64.Build.0 = Debug|x64
		{3A5C6C38-5554-4CCB-8648-6D23446902B6}.Debug|x86.ActiveCfg = Debug|Win32
		{3A5C6C38-5554-4CCB-8648-6D23446902B6}.Debug|x86.Build.0 = Debug|Win32
		{3A5C6C38-5554-4CCB-8648-6D23446902B6}.Release|x64.ActiveCfg = Release|x64
		{3A5C6C38-5554-4CCB-8648-6D23446902B6}.Release|x64.Build.0 = Release|x64
		{3A5C6C38-5554-4CCB-8648-6D23446902B6}.Release|x86.ActiveCfg = Release|Win32
		{3A5C6C38-5554-4CCB-8648-6D23446902B6}.Release|x86.Build.0 = Release|Win32
		{E265AE63-9F9C-4F85-BAA6-EE18415B941B}.Debug|x64.ActiveCfg = Debug|x64
		{E265AE63-9F9C-4F85-BAA6-EE18415B941B}.Debug|x64.Build.0 = Debug|x64
		{E265AE63-9F9C-4F85-BAA6-EE18415B941B}.Debug|x86.ActiveCfg = Debug|Win32
		{E265AE63-9F9C-4F85-BAA6-EE18415B941B}.Debug|x86.Build.0 = Debug|Win32
		{E265AE63-9F9C-4F85-BAA6-EE18415B941B}.Release|x64.ActiveCfg = Release|x64
		{E265AE63-9F9C-4F85-BAA6-EE18415B941B}.Release|x64.Build.0 = Release|x64
		{E265AE63-9F9C-4F85-BAA6-EE18415B941B}.Release|x86.ActiveCfg = Release|Win32
		{E265AE63-9F9C-4F85-BAA6-EE18415B941B}.Release|x86.Build.0 = Release|Win32
		{9308F43C-03AB-4881-93A8-58E44B2EBF3C}.Debug|x64.ActiveCfg = Debug|x64
		{9308F43C-03AB-4881-93A8-58E44B2EBF3C}.Debug|x64.Build.0 = Debug|x64
		{9308F43C-03AB-4881-93A8-58E44B2EBF3C}.Debug|x86.ActiveCfg = Debug|Win32
		{9308F43C-03AB-4881-93A8-58E44B2EBF3C}.Debug|x86.Build.0 = Debug|Win32
		{9308F43C-03AB-4881-93A8-58E44B2EBF3C}.Release|x64.ActiveCfg = Release|x64
		{9308F43C-03AB-4881-93A8-58E44B2EBF3C}.Release|x64.Build.0 = Release|x64
		{9308F43C-03AB-4881-93A8-58E44B2EBF3C}.Release|x86.ActiveCfg = Release|Win32
		{9308F43C-03AB-4881-93A8-58E44B2EBF3C}.Release|x86.Build.0 = Release|Win32
		{B0016E34-41BD-4FFE-9AD6-787BC44EC390}.Debug|x64.ActiveCfg = Debug|x64
		{B0016E34-41BD-4FFE-9AD6-787BC44EC390}.Debug|x64.Build.0 = Debug|x64
		{B0016E34-41BD-4FFE-9AD6-787BC44EC390}.Debug|x86.ActiveCfg = Debug|Win32
		{B0016E34-41BD-4FFE-9AD6-787BC44EC390}.Debug|x86.Build.0 = Debug|Win32
		{B0016E34-41BD-4FFE-9AD6-787BC44EC390}.Release|x64.ActiveCfg = Release|x64
		{B0016E34-41BD-4FFE-9AD6-787BC44EC390}.Release|x64.Build.0 = Release|x64
		{B0016E34-41BD-4FFE-9AD6-787BC44EC390}.Release|x86.ActiveCfg = Release|Win32
		{B0016E34-41BD-4FFE-9AD6-787BC44EC390}.Release|x86.Build.0 = Release|Win32
	EndGlobalSection
	GlobalSection(SolutionProperties) = preSolution
		HideSolutionNode = FALSE
	EndGlobalSection
	GlobalSection(ExtensibilityGlobals) = postSolution
		SolutionGuid = {E6A33883-759C-4C3C-B417-3C23E369F931}
	EndGlobalSection
EndGlobal
